// !$*UTF8*$!
{
	archiveVersion = 1;
	classes = {
	};
	objectVersion = 46;
	objects = {

/* Begin PBXBuildFile section */
		D3D9D8BD15167962008E5431 /* InfoPlist.strings in Resources */ = {isa = PBXBuildFile; fileRef = D3D9D8A915167962008E5431 /* InfoPlist.strings */; };
		D3D9D8BE15167962008E5431 /* MainStoryboard_iPad.storyboard in Resources */ = {isa = PBXBuildFile; fileRef = D3D9D8AB15167962008E5431 /* MainStoryboard_iPad.storyboard */; };
		D3D9D8BF15167962008E5431 /* MainStoryboard_iPhone.storyboard in Resources */ = {isa = PBXBuildFile; fileRef = D3D9D8AD15167962008E5431 /* MainStoryboard_iPhone.storyboard */; };
		D3D9D8C015167962008E5431 /* gradleXCodeAppDelegate.m in Sources */ = {isa = PBXBuildFile; fileRef = D3D9D8B015167962008E5431 /* gradleXCodeAppDelegate.m */; };
		D3D9D8C215167962008E5431 /* gradleXCodeViewController.m in Sources */ = {isa = PBXBuildFile; fileRef = D3D9D8B415167962008E5431 /* gradleXCodeViewController.m */; };
		D3D9D8C315167962008E5431 /* main.m in Sources */ = {isa = PBXBuildFile; fileRef = D3D9D8B515167962008E5431 /* main.m */; };
		D3D9D8D115167C84008E5431 /* UIKit.framework in Frameworks */ = {isa = PBXBuildFile; fileRef = D3D9D8D015167C84008E5431 /* UIKit.framework */; };
		D3D9D8D315167C8B008E5431 /* Foundation.framework in Frameworks */ = {isa = PBXBuildFile; fileRef = D3D9D8D215167C8B008E5431 /* Foundation.framework */; };
		D3D9D8D515167C99008E5431 /* CoreGraphics.framework in Frameworks */ = {isa = PBXBuildFile; fileRef = D3D9D8D415167C99008E5431 /* CoreGraphics.framework */; };
		D3D9D8D715167CF5008E5431 /* SenTestingKit.framework in Frameworks */ = {isa = PBXBuildFile; fileRef = D3D9D8D615167CF5008E5431 /* SenTestingKit.framework */; };
		D3D9D8D815167CFE008E5431 /* Foundation.framework in Frameworks */ = {isa = PBXBuildFile; fileRef = D3D9D8D215167C8B008E5431 /* Foundation.framework */; };
		D3D9D8D915167D07008E5431 /* UIKit.framework in Frameworks */ = {isa = PBXBuildFile; fileRef = D3D9D8D015167C84008E5431 /* UIKit.framework */; };
		D3D9D8DA15167D78008E5431 /* GradleXCodeTests.m in Sources */ = {isa = PBXBuildFile; fileRef = D3D9D8A015167962008E5431 /* GradleXCodeTests.m */; };
		D3D9D8DB15167D87008E5431 /* InfoPlist.strings in Resources */ = {isa = PBXBuildFile; fileRef = D3D9D89C15167962008E5431 /* InfoPlist.strings */; };
/* End PBXBuildFile section */

/* Begin PBXContainerItemProxy section */
		D382B73A14703FE500E9CC9B /* PBXContainerItemProxy */ = {
			isa = PBXContainerItemProxy;
			containerPortal = D382B70814703FE500E9CC9B /* Project object */;
			proxyType = 1;
			remoteGlobalIDString = D382B71014703FE500E9CC9B;
			remoteInfo = GradleXCode;
		};
/* End PBXContainerItemProxy section */

/* Begin PBXFileReference section */
		D382B71114703FE500E9CC9B /* GradleXCodeMoreVariants.app */ = {isa = PBXFileReference; explicitFileType = wrapper.application; includeInIndex = 0; path = GradleXCodeMoreVariants.app; sourceTree = BUILT_PRODUCTS_DIR; };
		D382B73514703FE500E9CC9B /* GradleXCodeMoreVariantsTests.octest */ = {isa = PBXFileReference; explicitFileType = wrapper.cfbundle; includeInIndex = 0; path = GradleXCodeMoreVariantsTests.octest; sourceTree = BUILT_PRODUCTS_DIR; };
		D3D9D89D15167962008E5431 /* en */ = {isa = PBXFileReference; lastKnownFileType = text.plist.strings; name = en; path = en.lproj/InfoPlist.strings; sourceTree = "<group>"; };
		D3D9D89E15167962008E5431 /* GradleXCodeMoreVariantsTests-Info.plist */ = {isa = PBXFileReference; fileEncoding = 4; lastKnownFileType = text.plist.xml; path = "GradleXCodeMoreVariantsTests-Info.plist"; sourceTree = "<group>"; };
		D3D9D89F15167962008E5431 /* GradleXCodeTests.h */ = {isa = PBXFileReference; fileEncoding = 4; lastKnownFileType = sourcecode.c.h; path = GradleXCodeTests.h; sourceTree = "<group>"; };
		D3D9D8A015167962008E5431 /* GradleXCodeTests.m */ = {isa = PBXFileReference; fileEncoding = 4; lastKnownFileType = sourcecode.c.objc; path = GradleXCodeTests.m; sourceTree = "<group>"; };
		D3D9D8AA15167962008E5431 /* en */ = {isa = PBXFileReference; lastKnownFileType = text.plist.strings; name = en; path = en.lproj/InfoPlist.strings; sourceTree = "<group>"; };
		D3D9D8AC15167962008E5431 /* en */ = {isa = PBXFileReference; lastKnownFileType = file.storyboard; name = en; path = en.lproj/MainStoryboard_iPad.storyboard; sourceTree = "<group>"; };
		D3D9D8AE15167962008E5431 /* en */ = {isa = PBXFileReference; lastKnownFileType = file.storyboard; name = en; path = en.lproj/MainStoryboard_iPhone.storyboard; sourceTree = "<group>"; };
		D3D9D8AF15167962008E5431 /* gradleXCodeAppDelegate.h */ = {isa = PBXFileReference; fileEncoding = 4; lastKnownFileType = sourcecode.c.h; path = gradleXCodeAppDelegate.h; sourceTree = "<group>"; };
		D3D9D8B015167962008E5431 /* gradleXCodeAppDelegate.m */ = {isa = PBXFileReference; fileEncoding = 4; lastKnownFileType = sourcecode.c.objc; path = gradleXCodeAppDelegate.m; sourceTree = "<group>"; };
		D3D9D8B115167962008E5431 /* GradleXCodeMoreVariants-Info.plist */ = {isa = PBXFileReference; fileEncoding = 4; lastKnownFileType = text.plist.xml; path = "GradleXCodeMoreVariants-Info.plist"; sourceTree = "<group>"; };
		D3D9D8B215167962008E5431 /* GradleXCodeMoreVariants-Prefix.pch */ = {isa = PBXFileReference; fileEncoding = 4; lastKnownFileType = sourcecode.c.h; path = "GradleXCodeMoreVariants-Prefix.pch"; sourceTree = "<group>"; };
		D3D9D8B315167962008E5431 /* gradleXCodeViewController.h */ = {isa = PBXFileReference; fileEncoding = 4; lastKnownFileType = sourcecode.c.h; path = gradleXCodeViewController.h; sourceTree = "<group>"; };
		D3D9D8B415167962008E5431 /* gradleXCodeViewController.m */ = {isa = PBXFileReference; fileEncoding = 4; lastKnownFileType = sourcecode.c.objc; path = gradleXCodeViewController.m; sourceTree = "<group>"; };
		D3D9D8B515167962008E5431 /* main.m */ = {isa = PBXFileReference; fileEncoding = 4; lastKnownFileType = sourcecode.c.objc; path = main.m; sourceTree = "<group>"; };
		D3D9D8D015167C84008E5431 /* UIKit.framework */ = {isa = PBXFileReference; lastKnownFileType = wrapper.framework; name = UIKit.framework; path = System/Library/Frameworks/UIKit.framework; sourceTree = SDKROOT; };
		D3D9D8D215167C8B008E5431 /* Foundation.framework */ = {isa = PBXFileReference; lastKnownFileType = wrapper.framework; name = Foundation.framework; path = System/Library/Frameworks/Foundation.framework; sourceTree = SDKROOT; };
		D3D9D8D415167C99008E5431 /* CoreGraphics.framework */ = {isa = PBXFileReference; lastKnownFileType = wrapper.framework; name = CoreGraphics.framework; path = System/Library/Frameworks/CoreGraphics.framework; sourceTree = SDKROOT; };
		D3D9D8D615167CF5008E5431 /* SenTestingKit.framework */ = {isa = PBXFileReference; lastKnownFileType = wrapper.framework; name = SenTestingKit.framework; path = Library/Frameworks/SenTestingKit.framework; sourceTree = DEVELOPER_DIR; };
/* End PBXFileReference section */

/* Begin PBXFrameworksBuildPhase section */
		D382B70E14703FE500E9CC9B /* Frameworks */ = {
			isa = PBXFrameworksBuildPhase;
			buildActionMask = 2147483647;
			files = (
				D3D9D8D115167C84008E5431 /* UIKit.framework in Frameworks */,
				D3D9D8D315167C8B008E5431 /* Foundation.framework in Frameworks */,
				D3D9D8D515167C99008E5431 /* CoreGraphics.framework in Frameworks */,
			);
			runOnlyForDeploymentPostprocessing = 0;
		};
		D382B73114703FE500E9CC9B /* Frameworks */ = {
			isa = PBXFrameworksBuildPhase;
			buildActionMask = 2147483647;
			files = (
				D3D9D8D715167CF5008E5431 /* SenTestingKit.framework in Frameworks */,
				D3D9D8D915167D07008E5431 /* UIKit.framework in Frameworks */,
				D3D9D8D815167CFE008E5431 /* Foundation.framework in Frameworks */,
			);
			runOnlyForDeploymentPostprocessing = 0;
		};
/* End PBXFrameworksBuildPhase section */

/* Begin PBXGroup section */
		D382B70614703FE500E9CC9B = {
			isa = PBXGroup;
			children = (
				D3D9D89B15167962008E5431 /* GradleXCodeMoreVariantsTests */,
				D3D9D8A115167962008E5431 /* GradleXCodeMoreVariants */,
				D382B71414703FE500E9CC9B /* Frameworks */,
				D382B71214703FE500E9CC9B /* Products */,
			);
			sourceTree = "<group>";
		};
		D382B71214703FE500E9CC9B /* Products */ = {
			isa = PBXGroup;
			children = (
				D382B71114703FE500E9CC9B /* GradleXCodeMoreVariants.app */,
				D382B73514703FE500E9CC9B /* GradleXCodeMoreVariantsTests.octest */,
			);
			name = Products;
			sourceTree = "<group>";
		};
		D382B71414703FE500E9CC9B /* Frameworks */ = {
			isa = PBXGroup;
			children = (
				D3D9D8D615167CF5008E5431 /* SenTestingKit.framework */,
				D3D9D8D415167C99008E5431 /* CoreGraphics.framework */,
				D3D9D8D215167C8B008E5431 /* Foundation.framework */,
				D3D9D8D015167C84008E5431 /* UIKit.framework */,
			);
			name = Frameworks;
			sourceTree = "<group>";
		};
		D3D9D89B15167962008E5431 /* GradleXCodeMoreVariantsTests */ = {
			isa = PBXGroup;
			children = (
				D3D9D89C15167962008E5431 /* InfoPlist.strings */,
				D3D9D89E15167962008E5431 /* GradleXCodeMoreVariantsTests-Info.plist */,
				D3D9D89F15167962008E5431 /* GradleXCodeTests.h */,
				D3D9D8A015167962008E5431 /* GradleXCodeTests.m */,
			);
			path = GradleXCodeMoreVariantsTests;
			sourceTree = "<group>";
		};
		D3D9D8A115167962008E5431 /* GradleXCodeMoreVariants */ = {
			isa = PBXGroup;
			children = (
				D3D9D8A915167962008E5431 /* InfoPlist.strings */,
				D3D9D8AB15167962008E5431 /* MainStoryboard_iPad.storyboard */,
				D3D9D8AD15167962008E5431 /* MainStoryboard_iPhone.storyboard */,
				D3D9D8AF15167962008E5431 /* gradleXCodeAppDelegate.h */,
				D3D9D8B015167962008E5431 /* gradleXCodeAppDelegate.m */,
				D3D9D8B115167962008E5431 /* GradleXCodeMoreVariants-Info.plist */,
				D3D9D8B215167962008E5431 /* GradleXCodeMoreVariants-Prefix.pch */,
				D3D9D8B315167962008E5431 /* gradleXCodeViewController.h */,
				D3D9D8B415167962008E5431 /* gradleXCodeViewController.m */,
				D3D9D8B515167962008E5431 /* main.m */,
			);
			path = GradleXCodeMoreVariants;
			sourceTree = "<group>";
		};
/* End PBXGroup section */

/* Begin PBXNativeTarget section */
		D382B71014703FE500E9CC9B /* GradleXCodeMoreVariants */ = {
			isa = PBXNativeTarget;
			buildConfigurationList = D382B74714703FE500E9CC9B /* Build configuration list for PBXNativeTarget "GradleXCodeMoreVariants" */;
			buildPhases = (
				D382B70D14703FE500E9CC9B /* Sources */,
				D382B70E14703FE500E9CC9B /* Frameworks */,
				D382B70F14703FE500E9CC9B /* Resources */,
			);
			buildRules = (
			);
			dependencies = (
			);
			name = GradleXCodeMoreVariants;
			productName = GradleXCode;
			productReference = D382B71114703FE500E9CC9B /* GradleXCodeMoreVariants.app */;
			productType = "com.apple.product-type.application";
		};
		D382B73414703FE500E9CC9B /* GradleXCodeMoreVariantsTests */ = {
			isa = PBXNativeTarget;
			buildConfigurationList = D382B74A14703FE500E9CC9B /* Build configuration list for PBXNativeTarget "GradleXCodeMoreVariantsTests" */;
			buildPhases = (
				D382B73014703FE500E9CC9B /* Sources */,
				D382B73114703FE500E9CC9B /* Frameworks */,
				D382B73214703FE500E9CC9B /* Resources */,
				D382B73314703FE500E9CC9B /* ShellScript */,
			);
			buildRules = (
			);
			dependencies = (
				D382B73B14703FE500E9CC9B /* PBXTargetDependency */,
			);
			name = GradleXCodeMoreVariantsTests;
			productName = GradleXCodeTests;
			productReference = D382B73514703FE500E9CC9B /* GradleXCodeMoreVariantsTests.octest */;
			productType = "com.apple.product-type.bundle";
		};
/* End PBXNativeTarget section */

/* Begin PBXProject section */
		D382B70814703FE500E9CC9B /* Project object */ = {
			isa = PBXProject;
			attributes = {
				LastUpgradeCheck = 0420;
				ORGANIZATIONNAME = Apphance;
			};
			buildConfigurationList = D382B70B14703FE500E9CC9B /* Build configuration list for PBXProject "GradleXCodeMoreVariants" */;
			compatibilityVersion = "Xcode 3.2";
			developmentRegion = English;
			hasScannedForEncodings = 0;
			knownRegions = (
				en,
			);
			mainGroup = D382B70614703FE500E9CC9B;
			productRefGroup = D382B71214703FE500E9CC9B /* Products */;
			projectDirPath = "";
			projectRoot = "";
			targets = (
				D382B71014703FE500E9CC9B /* GradleXCodeMoreVariants */,
				D382B73414703FE500E9CC9B /* GradleXCodeMoreVariantsTests */,
			);
		};
/* End PBXProject section */

/* Begin PBXResourcesBuildPhase section */
		D382B70F14703FE500E9CC9B /* Resources */ = {
			isa = PBXResourcesBuildPhase;
			buildActionMask = 2147483647;
			files = (
				D3D9D8BD15167962008E5431 /* InfoPlist.strings in Resources */,
				D3D9D8BE15167962008E5431 /* MainStoryboard_iPad.storyboard in Resources */,
				D3D9D8BF15167962008E5431 /* MainStoryboard_iPhone.storyboard in Resources */,
			);
			runOnlyForDeploymentPostprocessing = 0;
		};
		D382B73214703FE500E9CC9B /* Resources */ = {
			isa = PBXResourcesBuildPhase;
			buildActionMask = 2147483647;
			files = (
				D3D9D8DB15167D87008E5431 /* InfoPlist.strings in Resources */,
			);
			runOnlyForDeploymentPostprocessing = 0;
		};
/* End PBXResourcesBuildPhase section */

/* Begin PBXShellScriptBuildPhase section */
		D382B73314703FE500E9CC9B /* ShellScript */ = {
			isa = PBXShellScriptBuildPhase;
			buildActionMask = 2147483647;
			files = (
			);
			inputPaths = (
			);
			outputPaths = (
			);
			runOnlyForDeploymentPostprocessing = 0;
			shellPath = /bin/sh;
			shellScript = "# Run the unit tests in this test bundle.\n\"${SYSTEM_DEVELOPER_DIR}/Tools/RunUnitTests\"\n";
		};
/* End PBXShellScriptBuildPhase section */

/* Begin PBXSourcesBuildPhase section */
		D382B70D14703FE500E9CC9B /* Sources */ = {
			isa = PBXSourcesBuildPhase;
			buildActionMask = 2147483647;
			files = (
				D3D9D8C015167962008E5431 /* gradleXCodeAppDelegate.m in Sources */,
				D3D9D8C215167962008E5431 /* gradleXCodeViewController.m in Sources */,
				D3D9D8C315167962008E5431 /* main.m in Sources */,
			);
			runOnlyForDeploymentPostprocessing = 0;
		};
		D382B73014703FE500E9CC9B /* Sources */ = {
			isa = PBXSourcesBuildPhase;
			buildActionMask = 2147483647;
			files = (
				D3D9D8DA15167D78008E5431 /* GradleXCodeTests.m in Sources */,
			);
			runOnlyForDeploymentPostprocessing = 0;
		};
/* End PBXSourcesBuildPhase section */

/* Begin PBXTargetDependency section */
		D382B73B14703FE500E9CC9B /* PBXTargetDependency */ = {
			isa = PBXTargetDependency;
			target = D382B71014703FE500E9CC9B /* GradleXCodeMoreVariants */;
			targetProxy = D382B73A14703FE500E9CC9B /* PBXContainerItemProxy */;
		};
/* End PBXTargetDependency section */

/* Begin PBXVariantGroup section */
		D3D9D89C15167962008E5431 /* InfoPlist.strings */ = {
			isa = PBXVariantGroup;
			children = (
				D3D9D89D15167962008E5431 /* en */,
			);
			name = InfoPlist.strings;
			sourceTree = "<group>";
		};
		D3D9D8A915167962008E5431 /* InfoPlist.strings */ = {
			isa = PBXVariantGroup;
			children = (
				D3D9D8AA15167962008E5431 /* en */,
			);
			name = InfoPlist.strings;
			sourceTree = "<group>";
		};
		D3D9D8AB15167962008E5431 /* MainStoryboard_iPad.storyboard */ = {
			isa = PBXVariantGroup;
			children = (
				D3D9D8AC15167962008E5431 /* en */,
			);
			name = MainStoryboard_iPad.storyboard;
			sourceTree = "<group>";
		};
		D3D9D8AD15167962008E5431 /* MainStoryboard_iPhone.storyboard */ = {
			isa = PBXVariantGroup;
			children = (
				D3D9D8AE15167962008E5431 /* en */,
			);
			name = MainStoryboard_iPhone.storyboard;
			sourceTree = "<group>";
		};
/* End PBXVariantGroup section */

/* Begin XCBuildConfiguration section */
		D3374F1C1516789500C2B88F /* AnotherConfiguration */ = {
			isa = XCBuildConfiguration;
			buildSettings = {
				ALWAYS_SEARCH_USER_PATHS = NO;
				ARCHS = "$(ARCHS_STANDARD_32_BIT)";
				CLANG_ENABLE_OBJC_ARC = YES;
				"CODE_SIGN_IDENTITY[sdk=iphoneos*]" = "iPhone Distribution";
				COPY_PHASE_STRIP = YES;
				GCC_C_LANGUAGE_STANDARD = gnu99;
				GCC_VERSION = com.apple.compilers.llvm.clang.1_0;
				GCC_WARN_ABOUT_MISSING_PROTOTYPES = YES;
				GCC_WARN_ABOUT_RETURN_TYPE = YES;
				GCC_WARN_UNUSED_VARIABLE = YES;
				IPHONEOS_DEPLOYMENT_TARGET = 5.0;
				OTHER_CFLAGS = "-DNS_BLOCK_ASSERTIONS=1";
				"PROVISIONING_PROFILE[sdk=iphoneos*]" = "";
				SDKROOT = iphoneos;
				TARGETED_DEVICE_FAMILY = "1,2";
				VALIDATE_PRODUCT = YES;
			};
			name = AnotherConfiguration;
		};
		D3374F1D1516789500C2B88F /* AnotherConfiguration */ = {
			isa = XCBuildConfiguration;
			buildSettings = {
				FRAMEWORK_SEARCH_PATHS = (
					"$(inherited)",
					"\"$(DEVELOPER_FRAMEWORKS_DIR)\"",
				);
				GCC_PRECOMPILE_PREFIX_HEADER = YES;
				GCC_PREFIX_HEADER = "GradleXCodeMoreVariants/GradleXCodeMoreVariants-Prefix.pch";
				INFOPLIST_FILE = "GradleXCodeMoreVariants/GradleXCodeMoreVariants-Info.plist";
				PRODUCT_NAME = GradleXCodeMoreVariants;
				WRAPPER_EXTENSION = app;
			};
			name = AnotherConfiguration;
		};
		D3374F1E1516789500C2B88F /* AnotherConfiguration */ = {
			isa = XCBuildConfiguration;
			buildSettings = {
				BUNDLE_LOADER = "$(BUILT_PRODUCTS_DIR)/GradleXCodeMoreVariants.app/GradleXCodeMoreVariants";
				FRAMEWORK_SEARCH_PATHS = (
					"$(SDKROOT)/Developer/Library/Frameworks",
					"$(DEVELOPER_LIBRARY_DIR)/Frameworks",
				);
				GCC_PRECOMPILE_PREFIX_HEADER = YES;
				GCC_PREFIX_HEADER = "GradleXCodeMoreVariants/GradleXCodeMoreVariants-Prefix.pch";
				INFOPLIST_FILE = "GradleXCodeMoreVariantsTests/GradleXCodeMoreVariantsTests-Info.plist";
				PRODUCT_NAME = GradleXCodeMoreVariantsTests;
				TEST_HOST = "$(BUNDLE_LOADER)";
				WRAPPER_EXTENSION = octest;
			};
			name = AnotherConfiguration;
		};
		D382B74514703FE500E9CC9B /* Debug */ = {
			isa = XCBuildConfiguration;
			buildSettings = {
				ALWAYS_SEARCH_USER_PATHS = NO;
				ARCHS = "$(ARCHS_STANDARD_32_BIT)";
				CLANG_ENABLE_OBJC_ARC = YES;
				"CODE_SIGN_IDENTITY[sdk=iphoneos*]" = "iPhone Developer";
				COPY_PHASE_STRIP = NO;
				GCC_C_LANGUAGE_STANDARD = gnu99;
				GCC_DYNAMIC_NO_PIC = NO;
				GCC_OPTIMIZATION_LEVEL = 0;
				GCC_PREPROCESSOR_DEFINITIONS = (
					"DEBUG=1",
					"$(inherited)",
				);
				GCC_SYMBOLS_PRIVATE_EXTERN = NO;
				GCC_VERSION = com.apple.compilers.llvm.clang.1_0;
				GCC_WARN_ABOUT_MISSING_PROTOTYPES = YES;
				GCC_WARN_ABOUT_RETURN_TYPE = YES;
				GCC_WARN_UNUSED_VARIABLE = YES;
				IPHONEOS_DEPLOYMENT_TARGET = 5.0;
				SDKROOT = iphoneos;
				TARGETED_DEVICE_FAMILY = "1,2";
			};
			name = Debug;
		};
		D382B74614703FE500E9CC9B /* Release */ = {
			isa = XCBuildConfiguration;
			buildSettings = {
				ALWAYS_SEARCH_USER_PATHS = NO;
				ARCHS = "$(ARCHS_STANDARD_32_BIT)";
				CLANG_ENABLE_OBJC_ARC = YES;
				"CODE_SIGN_IDENTITY[sdk=iphoneos*]" = "iPhone Distribution";
				COPY_PHASE_STRIP = YES;
				GCC_C_LANGUAGE_STANDARD = gnu99;
				GCC_VERSION = com.apple.compilers.llvm.clang.1_0;
				GCC_WARN_ABOUT_MISSING_PROTOTYPES = YES;
				GCC_WARN_ABOUT_RETURN_TYPE = YES;
				GCC_WARN_UNUSED_VARIABLE = YES;
				IPHONEOS_DEPLOYMENT_TARGET = 5.0;
				OTHER_CFLAGS = "-DNS_BLOCK_ASSERTIONS=1";
				"PROVISIONING_PROFILE[sdk=iphoneos*]" = "";
				SDKROOT = iphoneos;
				TARGETED_DEVICE_FAMILY = "1,2";
				VALIDATE_PRODUCT = YES;
			};
			name = Release;
		};
		D382B74814703FE500E9CC9B /* Debug */ = {
			isa = XCBuildConfiguration;
			buildSettings = {
				FRAMEWORK_SEARCH_PATHS = (
					"$(inherited)",
					"\"$(DEVELOPER_FRAMEWORKS_DIR)\"",
				);
				GCC_PRECOMPILE_PREFIX_HEADER = YES;
				GCC_PREFIX_HEADER = "GradleXCodeMoreVariants/GradleXCodeMoreVariants-Prefix.pch";
				INFOPLIST_FILE = "GradleXCodeMoreVariants/GradleXCodeMoreVariants-Info.plist";
				PRODUCT_NAME = GradleXCodeMoreVariants;
				WRAPPER_EXTENSION = app;
			};
			name = Debug;
		};
		D382B74914703FE500E9CC9B /* Release */ = {
			isa = XCBuildConfiguration;
			buildSettings = {
				FRAMEWORK_SEARCH_PATHS = (
					"$(inherited)",
					"\"$(DEVELOPER_FRAMEWORKS_DIR)\"",
				);
				GCC_PRECOMPILE_PREFIX_HEADER = YES;
				GCC_PREFIX_HEADER = "GradleXCodeMoreVariants/GradleXCodeMoreVariants-Prefix.pch";
				INFOPLIST_FILE = "GradleXCodeMoreVariants/GradleXCodeMoreVariants-Info.plist";
				PRODUCT_NAME = GradleXCodeMoreVariants;
				WRAPPER_EXTENSION = app;
			};
			name = Release;
		};
		D382B74B14703FE500E9CC9B /* Debug */ = {
			isa = XCBuildConfiguration;
			buildSettings = {
				BUNDLE_LOADER = "$(BUILT_PRODUCTS_DIR)/GradleXCodeMoreVariants.app/GradleXCodeMoreVariants";
				FRAMEWORK_SEARCH_PATHS = (
					"$(SDKROOT)/Developer/Library/Frameworks",
					"$(DEVELOPER_LIBRARY_DIR)/Frameworks",
				);
				GCC_PRECOMPILE_PREFIX_HEADER = YES;
				GCC_PREFIX_HEADER = "GradleXCodeMoreVariants/GradleXCodeMoreVariants-Prefix.pch";
				INFOPLIST_FILE = "GradleXCodeMoreVariantsTests/GradleXCodeMoreVariantsTests-Info.plist";
				PRODUCT_NAME = GradleXCodeMoreVariantsTests;
				TEST_HOST = "$(BUNDLE_LOADER)";
				WRAPPER_EXTENSION = octest;
			};
			name = Debug;
		};
		D382B74C14703FE500E9CC9B /* Release */ = {
			isa = XCBuildConfiguration;
			buildSettings = {
				BUNDLE_LOADER = "$(BUILT_PRODUCTS_DIR)/GradleXCodeMoreVariants.app/GradleXCodeMoreVariants";
				FRAMEWORK_SEARCH_PATHS = (
					"$(SDKROOT)/Developer/Library/Frameworks",
					"$(DEVELOPER_LIBRARY_DIR)/Frameworks",
				);
				GCC_PRECOMPILE_PREFIX_HEADER = YES;
				GCC_PREFIX_HEADER = "GradleXCodeMoreVariants/GradleXCodeMoreVariants-Prefix.pch";
				INFOPLIST_FILE = "GradleXCodeMoreVariantsTests/GradleXCodeMoreVariantsTests-Info.plist";
				PRODUCT_NAME = GradleXCodeMoreVariantsTests;
				TEST_HOST = "$(BUNDLE_LOADER)";
				WRAPPER_EXTENSION = octest;
			};
			name = Release;
		};
		D382B75114704A4700E9CC9B /* BasicConfiguration */ = {
			isa = XCBuildConfiguration;
			buildSettings = {
				ALWAYS_SEARCH_USER_PATHS = NO;
				ARCHS = "$(ARCHS_STANDARD_32_BIT)";
				CLANG_ENABLE_OBJC_ARC = YES;
				"CODE_SIGN_IDENTITY[sdk=iphoneos*]" = "iPhone Distribution";
				COPY_PHASE_STRIP = YES;
				GCC_C_LANGUAGE_STANDARD = gnu99;
				GCC_VERSION = com.apple.compilers.llvm.clang.1_0;
				GCC_WARN_ABOUT_MISSING_PROTOTYPES = YES;
				GCC_WARN_ABOUT_RETURN_TYPE = YES;
				GCC_WARN_UNUSED_VARIABLE = YES;
				IPHONEOS_DEPLOYMENT_TARGET = 5.0;
				OTHER_CFLAGS = "-DNS_BLOCK_ASSERTIONS=1";
				"PROVISIONING_PROFILE[sdk=iphoneos*]" = "";
				SDKROOT = iphoneos;
				TARGETED_DEVICE_FAMILY = "1,2";
				VALIDATE_PRODUCT = YES;
			};
			name = BasicConfiguration;
		};
		D382B75214704A4700E9CC9B /* BasicConfiguration */ = {
			isa = XCBuildConfiguration;
			buildSettings = {
				FRAMEWORK_SEARCH_PATHS = (
					"$(inherited)",
					"\"$(DEVELOPER_FRAMEWORKS_DIR)\"",
				);
				GCC_PRECOMPILE_PREFIX_HEADER = YES;
				GCC_PREFIX_HEADER = "GradleXCodeMoreVariants/GradleXCodeMoreVariants-Prefix.pch";
				INFOPLIST_FILE = "GradleXCodeMoreVariants/GradleXCodeMoreVariants-Info.plist";
				PRODUCT_NAME = GradleXCodeMoreVariants;
				WRAPPER_EXTENSION = app;
			};
			name = BasicConfiguration;
		};
		D382B75314704A4700E9CC9B /* BasicConfiguration */ = {
			isa = XCBuildConfiguration;
			buildSettings = {
				BUNDLE_LOADER = "$(BUILT_PRODUCTS_DIR)/GradleXCodeMoreVariants.app/GradleXCodeMoreVariants";
				FRAMEWORK_SEARCH_PATHS = (
					"$(SDKROOT)/Developer/Library/Frameworks",
					"$(DEVELOPER_LIBRARY_DIR)/Frameworks",
				);
				GCC_PRECOMPILE_PREFIX_HEADER = YES;
				GCC_PREFIX_HEADER = "GradleXCodeMoreVariants/GradleXCodeMoreVariants-Prefix.pch";
				INFOPLIST_FILE = "GradleXCodeMoreVariantsTests/GradleXCodeMoreVariantsTests-Info.plist";
				PRODUCT_NAME = GradleXCodeMoreVariantsTests;
				TEST_HOST = "$(BUNDLE_LOADER)";
				WRAPPER_EXTENSION = octest;
			};
			name = BasicConfiguration;
		};
/* End XCBuildConfiguration section */

/* Begin XCConfigurationList section */
		D382B70B14703FE500E9CC9B /* Build configuration list for PBXProject "GradleXCodeMoreVariants" */ = {
			isa = XCConfigurationList;
			buildConfigurations = (
				D382B74514703FE500E9CC9B /* Debug */,
				D382B74614703FE500E9CC9B /* Release */,
				D382B75114704A4700E9CC9B /* BasicConfiguration */,
				D3374F1C1516789500C2B88F /* AnotherConfiguration */,
			);
			defaultConfigurationIsVisible = 0;
			defaultConfigurationName = Release;
		};
		D382B74714703FE500E9CC9B /* Build configuration list for PBXNativeTarget "GradleXCodeMoreVariants" */ = {
			isa = XCConfigurationList;
			buildConfigurations = (
				D382B74814703FE500E9CC9B /* Debug */,
				D382B74914703FE500E9CC9B /* Release */,
				D382B75214704A4700E9CC9B /* BasicConfiguration */,
				D3374F1D1516789500C2B88F /* AnotherConfiguration */,
			);
			defaultConfigurationIsVisible = 0;
			defaultConfigurationName = Release;
		};
		D382B74A14703FE500E9CC9B /* Build configuration list for PBXNativeTarget "GradleXCodeMoreVariantsTests" */ = {
			isa = XCConfigurationList;
			buildConfigurations = (
				D382B74B14703FE500E9CC9B /* Debug */,
				D382B74C14703FE500E9CC9B /* Release */,
				D382B75314704A4700E9CC9B /* BasicConfiguration */,
				D3374F1E1516789500C2B88F /* AnotherConfiguration */,
			);
			defaultConfigurationIsVisible = 0;
			defaultConfigurationName = Release;
		};
/* End XCConfigurationList section */
	};
	rootObject = D382B70814703FE500E9CC9B /* Project object */;
}
